
Microsoft Visual Studio Solution File, Format Version 12.00
# Visual Studio Version 17
VisualStudioVersion = 17.9.34728.123
MinimumVisualStudioVersion = 10.0.40219.1
Project("{FAE04EC0-301F-11D3-BF4B-00C04F79EFBC}") = "Introducao_MVC", "Introducao_ClassLib\Introducao_MVC.csproj", "{F629E6AA-AD10-4007-A1A8-6CD51BD8418E}"
EndProject
Project("{FAE04EC0-301F-11D3-BF4B-00C04F79EFBC}") = "Models", "Models\Models.csproj", "{DCC4A6F1-6D3F-4A98-BBED-FF49F80598DF}"
EndProject
Project("{FAE04EC0-301F-11D3-BF4B-00C04F79EFBC}") = "Controllers", "Controllers\Controllers.csproj", "{4CFC8701-7E2C-4F6E-866D-F3F8C1EBBD43}"
EndProject
Project("{FAE04EC0-301F-11D3-BF4B-00C04F79EFBC}") = "Services", "Services\Services.csproj", "{2564AE04-FA39-4AB2-926B-7E67FE6D7389}"
EndProject
Project("{FAE04EC0-301F-11D3-BF4B-00C04F79EFBC}") = "Repositories", "Repositories\Repositories.csproj", "{6C8BD430-FDD2-4162-B491-92EE86467F09}"
EndProject
Global
	GlobalSection(SolutionConfigurationPlatforms) = preSolution
		Debug|Any CPU = Debug|Any CPU
		Release|Any CPU = Release|Any CPU
	EndGlobalSection
	GlobalSection(ProjectConfigurationPlatforms) = postSolution
		{F629E6AA-AD10-4007-A1A8-6CD51BD8418E}.Debug|Any CPU.ActiveCfg = Debug|Any CPU
		{F629E6AA-AD10-4007-A1A8-6CD51BD8418E}.Debug|Any CPU.Build.0 = Debug|Any CPU
		{F629E6AA-AD10-4007-A1A8-6CD51BD8418E}.Release|Any CPU.ActiveCfg = Release|Any CPU
		{F629E6AA-AD10-4007-A1A8-6CD51BD8418E}.Release|Any CPU.Build.0 = Release|Any CPU
		{DCC4A6F1-6D3F-4A98-BBED-FF49F80598DF}.Debug|Any CPU.ActiveCfg = Debug|Any CPU
		{DCC4A6F1-6D3F-4A98-BBED-FF49F80598DF}.Debug|Any CPU.Build.0 = Debug|Any CPU
		{DCC4A6F1-6D3F-4A98-BBED-FF49F80598DF}.Release|Any CPU.ActiveCfg = Release|Any CPU
		{DCC4A6F1-6D3F-4A98-BBED-FF49F80598DF}.Release|Any CPU.Build.0 = Release|Any CPU
		{4CFC8701-7E2C-4F6E-866D-F3F8C1EBBD43}.Debug|Any CPU.ActiveCfg = Debug|Any CPU
		{4CFC8701-7E2C-4F6E-866D-F3F8C1EBBD43}.Debug|Any CPU.Build.0 = Debug|Any CPU
		{4CFC8701-7E2C-4F6E-866D-F3F8C1EBBD43}.Release|Any CPU.ActiveCfg = Release|Any CPU
		{4CFC8701-7E2C-4F6E-866D-F3F8C1EBBD43}.Release|Any CPU.Build.0 = Release|Any CPU
		{2564AE04-FA39-4AB2-926B-7E67FE6D7389}.Debug|Any CPU.ActiveCfg = Debug|Any CPU
		{2564AE04-FA39-4AB2-926B-7E67FE6D7389}.Debug|Any CPU.Build.0 = Debug|Any CPU
		{2564AE04-FA39-4AB2-926B-7E67FE6D7389}.Release|Any CPU.ActiveCfg = Release|Any CPU
		{2564AE04-FA39-4AB2-926B-7E67FE6D7389}.Release|Any CPU.Build.0 = Release|Any CPU
		{6C8BD430-FDD2-4162-B491-92EE86467F09}.Debug|Any CPU.ActiveCfg = Debug|Any CPU
		{6C8BD430-FDD2-4162-B491-92EE86467F09}.Debug|Any CPU.Build.0 = Debug|Any CPU
		{6C8BD430-FDD2-4162-B491-92EE86467F09}.Release|Any CPU.ActiveCfg = Release|Any CPU
		{6C8BD430-FDD2-4162-B491-92EE86467F09}.Release|Any CPU.Build.0 = Release|Any CPU
	EndGlobalSection
	GlobalSection(SolutionProperties) = preSolution
		HideSolutionNode = FALSE
	EndGlobalSection
	GlobalSection(ExtensibilityGlobals) = postSolution
		SolutionGuid = {D02EF087-6B7A-4AC8-93BF-DCD81C9AC55D}
	EndGlobalSection
EndGlobal
